
Microsoft Visual Studio Solution File, Format Version 12.00
# Visual Studio Version 17
VisualStudioVersion = 17.12.35728.132 d17.12
MinimumVisualStudioVersion = 10.0.40219.1
Project("{FAE04EC0-301F-11D3-BF4B-00C04F79EFBC}") = "AmazonS3", "AmazonS3.csproj", "{BB6000BC-65CF-4C3B-9FE2-773B5F0406B0}"
EndProject
Global
	GlobalSection(SolutionConfigurationPlatforms) = preSolution
		Debug|Any CPU = Debug|Any CPU
		Release|Any CPU = Release|Any CPU
	EndGlobalSection
	GlobalSection(ProjectConfigurationPlatforms) = postSolution
		{BB6000BC-65CF-4C3B-9FE2-773B5F0406B0}.Debug|Any CPU.ActiveCfg = Debug|Any CPU
		{BB6000BC-65CF-4C3B-9FE2-773B5F0406B0}.Debug|Any CPU.Build.0 = Debug|Any CPU
		{BB6000BC-65CF-4C3B-9FE2-773B5F0406B0}.Release|Any CPU.ActiveCfg = Release|Any CPU
		{BB6000BC-65CF-4C3B-9FE2-773B5F0406B0}.Release|Any CPU.Build.0 = Release|Any CPU
	EndGlobalSection
	GlobalSection(SolutionProperties) = preSolution
		HideSolutionNode = FALSE
	EndGlobalSection
EndGlobal
